
Microsoft Visual Studio Solution File, Format Version 12.00
# Visual Studio 15
VisualStudioVersion = 15.0.28307.645
MinimumVisualStudioVersion = 10.0.40219.1
Project("{8BC9CEB8-8B4A-11D0-8D11-00A0C91BC942}") = "PopupDriver", "PopupDriver.vcxproj", "{BB414ABD-9826-4495-9139-04CAC00F8668}"
EndProject
Global
	GlobalSection(SolutionConfigurationPlatforms) = preSolution
		Debug|ARM = Debug|ARM
		Debug|ARM64 = Debug|ARM64
		Debug|x64 = Debug|x64
		Debug|x86 = Debug|x86
		Release|ARM = Release|ARM
		Release|ARM64 = Release|ARM64
		Release|x64 = Release|x64
		Release|x86 = Release|x86
	EndGlobalSection
	GlobalSection(ProjectConfigurationPlatforms) = postSolution
		{BB414ABD-9826-4495-9139-04CAC00F8668}.Debug|ARM.ActiveCfg = Debug|ARM
		{BB414ABD-9826-4495-9139-04CAC00F8668}.Debug|ARM.Build.0 = Debug|ARM
		{BB414ABD-9826-4495-9139-04CAC00F8668}.Debug|ARM.Deploy.0 = Debug|ARM
		{BB414ABD-9826-4495-9139-04CAC00F8668}.Debug|ARM64.ActiveCfg = Debug|ARM64
		{BB414ABD-9826-4495-9139-04CAC00F8668}.Debug|ARM64.Build.0 = Debug|ARM64
		{BB414ABD-9826-4495-9139-04CAC00F8668}.Debug|ARM64.Deploy.0 = Debug|ARM64
		{BB414ABD-9826-4495-9139-04CAC00F8668}.Debug|x64.ActiveCfg = Debug|x64
		{BB414ABD-9826-4495-9139-04CAC00F8668}.Debug|x64.Build.0 = Debug|x64
		{BB414ABD-9826-4495-9139-04CAC00F8668}.Debug|x64.Deploy.0 = Debug|x64
		{BB414ABD-9826-4495-9139-04CAC00F8668}.Debug|x86.ActiveCfg = Debug|Win32
		{BB414ABD-9826-4495-9139-04CAC00F8668}.Debug|x86.Build.0 = Debug|Win32
		{BB414ABD-9826-4495-9139-04CAC00F8668}.Debug|x86.Deploy.0 = Debug|Win32
		{BB414ABD-9826-4495-9139-04CAC00F8668}.Release|ARM.ActiveCfg = Release|ARM
		{BB414ABD-9826-4495-9139-04CAC00F8668}.Release|ARM.Build.0 = Release|ARM
		{BB414ABD-9826-4495-9139-04CAC00F8668}.Release|ARM.Deploy.0 = Release|ARM
		{BB414ABD-9826-4495-9139-04CAC00F8668}.Release|ARM64.ActiveCfg = Release|ARM64
		{BB414ABD-9826-4495-9139-04CAC00F8668}.Release|ARM64.Build.0 = Release|ARM64
		{BB414ABD-9826-4495-9139-04CAC00F8668}.Release|ARM64.Deploy.0 = Release|ARM64
		{BB414ABD-9826-4495-9139-04CAC00F8668}.Release|x64.ActiveCfg = Release|x64
		{BB414ABD-9826-4495-9139-04CAC00F8668}.Release|x64.Build.0 = Release|x64
		{BB414ABD-9826-4495-9139-04CAC00F8668}.Release|x64.Deploy.0 = Release|x64
		{BB414ABD-9826-4495-9139-04CAC00F8668}.Release|x86.ActiveCfg = Release|Win32
		{BB414ABD-9826-4495-9139-04CAC00F8668}.Release|x86.Build.0 = Release|Win32
		{BB414ABD-9826-4495-9139-04CAC00F8668}.Release|x86.Deploy.0 = Release|Win32
	EndGlobalSection
	GlobalSection(SolutionProperties) = preSolution
		HideSolutionNode = FALSE
	EndGlobalSection
	GlobalSection(ExtensibilityGlobals) = postSolution
		SolutionGuid = {0199257B-DF3E-463F-970C-A1595D0FB00E}
	EndGlobalSection
EndGlobal
