
Microsoft Visual Studio Solution File, Format Version 12.00
# Visual Studio 15
VisualStudioVersion = 15.0.28307.645
MinimumVisualStudioVersion = 10.0.40219.1
Project("{8BC9CEB8-8B4A-11D0-8D11-00A0C91BC942}") = "DrvMon", "DrvMon.vcxproj", "{B05AA9FE-6FFA-48D6-B821-402F4C6486BF}"
EndProject
Global
	GlobalSection(SolutionConfigurationPlatforms) = preSolution
		Debug|ARM = Debug|ARM
		Debug|ARM64 = Debug|ARM64
		Debug|x64 = Debug|x64
		Debug|x86 = Debug|x86
		Release|ARM = Release|ARM
		Release|ARM64 = Release|ARM64
		Release|x64 = Release|x64
		Release|x86 = Release|x86
	EndGlobalSection
	GlobalSection(ProjectConfigurationPlatforms) = postSolution
		{B05AA9FE-6FFA-48D6-B821-402F4C6486BF}.Debug|ARM.ActiveCfg = Debug|ARM
		{B05AA9FE-6FFA-48D6-B821-402F4C6486BF}.Debug|ARM.Build.0 = Debug|ARM
		{B05AA9FE-6FFA-48D6-B821-402F4C6486BF}.Debug|ARM.Deploy.0 = Debug|ARM
		{B05AA9FE-6FFA-48D6-B821-402F4C6486BF}.Debug|ARM64.ActiveCfg = Debug|ARM64
		{B05AA9FE-6FFA-48D6-B821-402F4C6486BF}.Debug|ARM64.Build.0 = Debug|ARM64
		{B05AA9FE-6FFA-48D6-B821-402F4C6486BF}.Debug|ARM64.Deploy.0 = Debug|ARM64
		{B05AA9FE-6FFA-48D6-B821-402F4C6486BF}.Debug|x64.ActiveCfg = Debug|x64
		{B05AA9FE-6FFA-48D6-B821-402F4C6486BF}.Debug|x64.Build.0 = Debug|x64
		{B05AA9FE-6FFA-48D6-B821-402F4C6486BF}.Debug|x64.Deploy.0 = Debug|x64
		{B05AA9FE-6FFA-48D6-B821-402F4C6486BF}.Debug|x86.ActiveCfg = Debug|Win32
		{B05AA9FE-6FFA-48D6-B821-402F4C6486BF}.Debug|x86.Build.0 = Debug|Win32
		{B05AA9FE-6FFA-48D6-B821-402F4C6486BF}.Debug|x86.Deploy.0 = Debug|Win32
		{B05AA9FE-6FFA-48D6-B821-402F4C6486BF}.Release|ARM.ActiveCfg = Release|ARM
		{B05AA9FE-6FFA-48D6-B821-402F4C6486BF}.Release|ARM.Build.0 = Release|ARM
		{B05AA9FE-6FFA-48D6-B821-402F4C6486BF}.Release|ARM.Deploy.0 = Release|ARM
		{B05AA9FE-6FFA-48D6-B821-402F4C6486BF}.Release|ARM64.ActiveCfg = Release|ARM64
		{B05AA9FE-6FFA-48D6-B821-402F4C6486BF}.Release|ARM64.Build.0 = Release|ARM64
		{B05AA9FE-6FFA-48D6-B821-402F4C6486BF}.Release|ARM64.Deploy.0 = Release|ARM64
		{B05AA9FE-6FFA-48D6-B821-402F4C6486BF}.Release|x64.ActiveCfg = Release|x64
		{B05AA9FE-6FFA-48D6-B821-402F4C6486BF}.Release|x64.Build.0 = Release|x64
		{B05AA9FE-6FFA-48D6-B821-402F4C6486BF}.Release|x64.Deploy.0 = Release|x64
		{B05AA9FE-6FFA-48D6-B821-402F4C6486BF}.Release|x86.ActiveCfg = Release|Win32
		{B05AA9FE-6FFA-48D6-B821-402F4C6486BF}.Release|x86.Build.0 = Release|Win32
		{B05AA9FE-6FFA-48D6-B821-402F4C6486BF}.Release|x86.Deploy.0 = Release|Win32
	EndGlobalSection
	GlobalSection(SolutionProperties) = preSolution
		HideSolutionNode = FALSE
	EndGlobalSection
	GlobalSection(ExtensibilityGlobals) = postSolution
		SolutionGuid = {231AA93E-120A-47D7-854C-F8A14D22E03C}
	EndGlobalSection
EndGlobal
